
Microsoft Visual Studio Solution File, Format Version 12.00
# Visual Studio Version 17
VisualStudioVersion = 17.11.35208.52
MinimumVisualStudioVersion = 10.0.40219.1
Project("{FAE04EC0-301F-11D3-BF4B-00C04F79EFBC}") = "PNT1-Grupo3", "PNT1-Grupo3\PNT1-Grupo3.csproj", "{53A4EA21-24AE-482D-8B02-04ACDDF6D2ED}"
EndProject
Global
	GlobalSection(SolutionConfigurationPlatforms) = preSolution
		Debug|Any CPU = Debug|Any CPU
		Release|Any CPU = Release|Any CPU
	EndGlobalSection
	GlobalSection(ProjectConfigurationPlatforms) = postSolution
		{53A4EA21-24AE-482D-8B02-04ACDDF6D2ED}.Debug|Any CPU.ActiveCfg = Debug|Any CPU
		{53A4EA21-24AE-482D-8B02-04ACDDF6D2ED}.Debug|Any CPU.Build.0 = Debug|Any CPU
		{53A4EA21-24AE-482D-8B02-04ACDDF6D2ED}.Release|Any CPU.ActiveCfg = Release|Any CPU
		{53A4EA21-24AE-482D-8B02-04ACDDF6D2ED}.Release|Any CPU.Build.0 = Release|Any CPU
	EndGlobalSection
	GlobalSection(SolutionProperties) = preSolution
		HideSolutionNode = FALSE
	EndGlobalSection
	GlobalSection(ExtensibilityGlobals) = postSolution
		SolutionGuid = {E6DAC49D-A8AD-4C89-ABD2-20DCBC77BE3E}
	EndGlobalSection
EndGlobal
